// !$*UTF8*$!
{
	archiveVersion = 1;
	classes = {
	};
	objectVersion = 56;
	objects = {

/* Begin PBXBuildFile section */
		D981DC002B50A41F00C0B6AC /* CustomButtonView.swift in Sources */ = {isa = PBXBuildFile; fileRef = D981DBFF2B50A41F00C0B6AC /* CustomButtonView.swift */; };
		D981DC022B50A80700C0B6AC /* ButtonStyle.swift in Sources */ = {isa = PBXBuildFile; fileRef = D981DC012B50A80700C0B6AC /* ButtonStyle.swift */; };
		D981DC042B50ABC100C0B6AC /* CustomCircleView.swift in Sources */ = {isa = PBXBuildFile; fileRef = D981DC032B50ABC100C0B6AC /* CustomCircleView.swift */; };
		D981DC062B50AD7500C0B6AC /* MotionAnimationView.swift in Sources */ = {isa = PBXBuildFile; fileRef = D981DC052B50AD7500C0B6AC /* MotionAnimationView.swift */; };
		D981DC092B50B21B00C0B6AC /* SettingsView.swift in Sources */ = {isa = PBXBuildFile; fileRef = D981DC082B50B21B00C0B6AC /* SettingsView.swift */; };
		D981DC0B2B50B94600C0B6AC /* CustomListRowView.swift in Sources */ = {isa = PBXBuildFile; fileRef = D981DC0A2B50B94600C0B6AC /* CustomListRowView.swift */; };
		D9AC8B662B4F55C000A2F19E /* HikeApp.swift in Sources */ = {isa = PBXBuildFile; fileRef = D9AC8B652B4F55C000A2F19E /* HikeApp.swift */; };
		D9AC8B682B4F55C000A2F19E /* ContentView.swift in Sources */ = {isa = PBXBuildFile; fileRef = D9AC8B672B4F55C000A2F19E /* ContentView.swift */; };
		D9AC8B6A2B4F55C200A2F19E /* Assets.xcassets in Resources */ = {isa = PBXBuildFile; fileRef = D9AC8B692B4F55C200A2F19E /* Assets.xcassets */; };
		D9AC8B6D2B4F55C200A2F19E /* Preview Assets.xcassets in Resources */ = {isa = PBXBuildFile; fileRef = D9AC8B6C2B4F55C200A2F19E /* Preview Assets.xcassets */; };
		D9AC8B902B4F75E400A2F19E /* CardView.swift in Sources */ = {isa = PBXBuildFile; fileRef = D9AC8B8F2B4F75E400A2F19E /* CardView.swift */; };
		D9AC8B932B4F775C00A2F19E /* CustomBackgroundView.swift in Sources */ = {isa = PBXBuildFile; fileRef = D9AC8B922B4F775C00A2F19E /* CustomBackgroundView.swift */; };
		D9AC8B962B4F7B0300A2F19E /* ColorExtension.swift in Sources */ = {isa = PBXBuildFile; fileRef = D9AC8B952B4F7B0300A2F19E /* ColorExtension.swift */; };
/* End PBXBuildFile section */

/* Begin PBXFileReference section */
		D981DBFF2B50A41F00C0B6AC /* CustomButtonView.swift */ = {isa = PBXFileReference; lastKnownFileType = sourcecode.swift; path = CustomButtonView.swift; sourceTree = "<group>"; };
		D981DC012B50A80700C0B6AC /* ButtonStyle.swift */ = {isa = PBXFileReference; lastKnownFileType = sourcecode.swift; path = ButtonStyle.swift; sourceTree = "<group>"; };
		D981DC032B50ABC100C0B6AC /* CustomCircleView.swift */ = {isa = PBXFileReference; lastKnownFileType = sourcecode.swift; path = CustomCircleView.swift; sourceTree = "<group>"; };
		D981DC052B50AD7500C0B6AC /* MotionAnimationView.swift */ = {isa = PBXFileReference; lastKnownFileType = sourcecode.swift; path = MotionAnimationView.swift; sourceTree = "<group>"; };
		D981DC082B50B21B00C0B6AC /* SettingsView.swift */ = {isa = PBXFileReference; lastKnownFileType = sourcecode.swift; path = SettingsView.swift; sourceTree = "<group>"; };
		D981DC0A2B50B94600C0B6AC /* CustomListRowView.swift */ = {isa = PBXFileReference; lastKnownFileType = sourcecode.swift; path = CustomListRowView.swift; sourceTree = "<group>"; };
		D9AC8B622B4F55C000A2F19E /* Hike.app */ = {isa = PBXFileReference; explicitFileType = wrapper.application; includeInIndex = 0; path = Hike.app; sourceTree = BUILT_PRODUCTS_DIR; };
		D9AC8B652B4F55C000A2F19E /* HikeApp.swift */ = {isa = PBXFileReference; lastKnownFileType = sourcecode.swift; path = HikeApp.swift; sourceTree = "<group>"; };
		D9AC8B672B4F55C000A2F19E /* ContentView.swift */ = {isa = PBXFileReference; lastKnownFileType = sourcecode.swift; path = ContentView.swift; sourceTree = "<group>"; };
		D9AC8B692B4F55C200A2F19E /* Assets.xcassets */ = {isa = PBXFileReference; lastKnownFileType = folder.assetcatalog; path = Assets.xcassets; sourceTree = "<group>"; };
		D9AC8B6C2B4F55C200A2F19E /* Preview Assets.xcassets */ = {isa = PBXFileReference; lastKnownFileType = folder.assetcatalog; path = "Preview Assets.xcassets"; sourceTree = "<group>"; };
		D9AC8B8F2B4F75E400A2F19E /* CardView.swift */ = {isa = PBXFileReference; lastKnownFileType = sourcecode.swift; path = CardView.swift; sourceTree = "<group>"; };
		D9AC8B922B4F775C00A2F19E /* CustomBackgroundView.swift */ = {isa = PBXFileReference; lastKnownFileType = sourcecode.swift; path = CustomBackgroundView.swift; sourceTree = "<group>"; };
		D9AC8B952B4F7B0300A2F19E /* ColorExtension.swift */ = {isa = PBXFileReference; lastKnownFileType = sourcecode.swift; path = ColorExtension.swift; sourceTree = "<group>"; };
/* End PBXFileReference section */

/* Begin PBXFrameworksBuildPhase section */
		D9AC8B5F2B4F55C000A2F19E /* Frameworks */ = {
			isa = PBXFrameworksBuildPhase;
			buildActionMask = 2147483647;
			files = (
			);
			runOnlyForDeploymentPostprocessing = 0;
		};
/* End PBXFrameworksBuildPhase section */

/* Begin PBXGroup section */
		D981DC072B50B19400C0B6AC /* Screen */ = {
			isa = PBXGroup;
			children = (
				D9AC8B672B4F55C000A2F19E /* ContentView.swift */,
				D981DC082B50B21B00C0B6AC /* SettingsView.swift */,
			);
			path = Screen;
			sourceTree = "<group>";
		};
		D9AC8B592B4F55C000A2F19E = {
			isa = PBXGroup;
			children = (
				D9AC8B642B4F55C000A2F19E /* Hike */,
				D9AC8B632B4F55C000A2F19E /* Products */,
			);
			sourceTree = "<group>";
		};
		D9AC8B632B4F55C000A2F19E /* Products */ = {
			isa = PBXGroup;
			children = (
				D9AC8B622B4F55C000A2F19E /* Hike.app */,
			);
			name = Products;
			sourceTree = "<group>";
		};
		D9AC8B642B4F55C000A2F19E /* Hike */ = {
			isa = PBXGroup;
			children = (
				D9AC8B652B4F55C000A2F19E /* HikeApp.swift */,
				D9AC8B692B4F55C200A2F19E /* Assets.xcassets */,
				D9AC8B912B4F772800A2F19E /* Component */,
				D9AC8B6B2B4F55C200A2F19E /* Preview Content */,
				D981DC072B50B19400C0B6AC /* Screen */,
				D9AC8B942B4F7ADF00A2F19E /* Utility */,
			);
			path = Hike;
			sourceTree = "<group>";
		};
		D9AC8B6B2B4F55C200A2F19E /* Preview Content */ = {
			isa = PBXGroup;
			children = (
				D9AC8B6C2B4F55C200A2F19E /* Preview Assets.xcassets */,
			);
			path = "Preview Content";
			sourceTree = "<group>";
		};
		D9AC8B912B4F772800A2F19E /* Component */ = {
			isa = PBXGroup;
			children = (
				D9AC8B8F2B4F75E400A2F19E /* CardView.swift */,
				D9AC8B922B4F775C00A2F19E /* CustomBackgroundView.swift */,
				D981DBFF2B50A41F00C0B6AC /* CustomButtonView.swift */,
				D981DC032B50ABC100C0B6AC /* CustomCircleView.swift */,
				D981DC052B50AD7500C0B6AC /* MotionAnimationView.swift */,
				D981DC0A2B50B94600C0B6AC /* CustomListRowView.swift */,
			);
			path = Component;
			sourceTree = "<group>";
		};
		D9AC8B942B4F7ADF00A2F19E /* Utility */ = {
			isa = PBXGroup;
			children = (
				D9AC8B952B4F7B0300A2F19E /* ColorExtension.swift */,
				D981DC012B50A80700C0B6AC /* ButtonStyle.swift */,
			);
			path = Utility;
			sourceTree = "<group>";
		};
/* End PBXGroup section */

/* Begin PBXNativeTarget section */
		D9AC8B612B4F55C000A2F19E /* Hike */ = {
			isa = PBXNativeTarget;
			buildConfigurationList = D9AC8B862B4F55C200A2F19E /* Build configuration list for PBXNativeTarget "Hike" */;
			buildPhases = (
				D9AC8B5E2B4F55C000A2F19E /* Sources */,
				D9AC8B5F2B4F55C000A2F19E /* Frameworks */,
				D9AC8B602B4F55C000A2F19E /* Resources */,
			);
			buildRules = (
			);
			dependencies = (
			);
			name = Hike;
			productName = Hike;
			productReference = D9AC8B622B4F55C000A2F19E /* Hike.app */;
			productType = "com.apple.product-type.application";
		};
/* End PBXNativeTarget section */

/* Begin PBXProject section */
		D9AC8B5A2B4F55C000A2F19E /* Project object */ = {
			isa = PBXProject;
			attributes = {
				BuildIndependentTargetsInParallel = 1;
				LastSwiftUpdateCheck = 1510;
				LastUpgradeCheck = 1510;
				TargetAttributes = {
					D9AC8B612B4F55C000A2F19E = {
						CreatedOnToolsVersion = 15.1;
					};
				};
			};
			buildConfigurationList = D9AC8B5D2B4F55C000A2F19E /* Build configuration list for PBXProject "Hike" */;
			compatibilityVersion = "Xcode 14.0";
			developmentRegion = en;
			hasScannedForEncodings = 0;
			knownRegions = (
				en,
				Base,
			);
			mainGroup = D9AC8B592B4F55C000A2F19E;
			productRefGroup = D9AC8B632B4F55C000A2F19E /* Products */;
			projectDirPath = "";
			projectRoot = "";
			targets = (
				D9AC8B612B4F55C000A2F19E /* Hike */,
			);
		};
/* End PBXProject section */

/* Begin PBXResourcesBuildPhase section */
		D9AC8B602B4F55C000A2F19E /* Resources */ = {
			isa = PBXResourcesBuildPhase;
			buildActionMask = 2147483647;
			files = (
				D9AC8B6D2B4F55C200A2F19E /* Preview Assets.xcassets in Resources */,
				D9AC8B6A2B4F55C200A2F19E /* Assets.xcassets in Resources */,
			);
			runOnlyForDeploymentPostprocessing = 0;
		};
/* End PBXResourcesBuildPhase section */

/* Begin PBXSourcesBuildPhase section */
		D9AC8B5E2B4F55C000A2F19E /* Sources */ = {
			isa = PBXSourcesBuildPhase;
			buildActionMask = 2147483647;
			files = (
				D9AC8B682B4F55C000A2F19E /* ContentView.swift in Sources */,
				D981DC042B50ABC100C0B6AC /* CustomCircleView.swift in Sources */,
				D981DC0B2B50B94600C0B6AC /* CustomListRowView.swift in Sources */,
				D9AC8B902B4F75E400A2F19E /* CardView.swift in Sources */,
				D9AC8B662B4F55C000A2F19E /* HikeApp.swift in Sources */,
				D981DC002B50A41F00C0B6AC /* CustomButtonView.swift in Sources */,
				D981DC092B50B21B00C0B6AC /* SettingsView.swift in Sources */,
				D9AC8B932B4F775C00A2F19E /* CustomBackgroundView.swift in Sources */,
				D981DC062B50AD7500C0B6AC /* MotionAnimationView.swift in Sources */,
				D9AC8B962B4F7B0300A2F19E /* ColorExtension.swift in Sources */,
				D981DC022B50A80700C0B6AC /* ButtonStyle.swift in Sources */,
			);
			runOnlyForDeploymentPostprocessing = 0;
		};
/* End PBXSourcesBuildPhase section */

/* Begin XCBuildConfiguration section */
		D9AC8B842B4F55C200A2F19E /* Debug */ = {
			isa = XCBuildConfiguration;
			buildSettings = {
				ALWAYS_SEARCH_USER_PATHS = NO;
				ASSETCATALOG_COMPILER_GENERATE_SWIFT_ASSET_SYMBOL_EXTENSIONS = YES;
				CLANG_ANALYZER_NONNULL = YES;
				CLANG_ANALYZER_NUMBER_OBJECT_CONVERSION = YES_AGGRESSIVE;
				CLANG_CXX_LANGUAGE_STANDARD = "gnu++20";
				CLANG_ENABLE_MODULES = YES;
				CLANG_ENABLE_OBJC_ARC = YES;
				CLANG_ENABLE_OBJC_WEAK = YES;
				CLANG_WARN_BLOCK_CAPTURE_AUTORELEASING = YES;
				CLANG_WARN_BOOL_CONVERSION = YES;
				CLANG_WARN_COMMA = YES;
				CLANG_WARN_CONSTANT_CONVERSION = YES;
				CLANG_WARN_DEPRECATED_OBJC_IMPLEMENTATIONS = YES;
				CLANG_WARN_DIRECT_OBJC_ISA_USAGE = YES_ERROR;
				CLANG_WARN_DOCUMENTATION_COMMENTS = YES;
				CLANG_WARN_EMPTY_BODY = YES;
				CLANG_WARN_ENUM_CONVERSION = YES;
				CLANG_WARN_INFINITE_RECURSION = YES;
				CLANG_WARN_INT_CONVERSION = YES;
				CLANG_WARN_NON_LITERAL_NULL_CONVERSION = YES;
				CLANG_WARN_OBJC_IMPLICIT_RETAIN_SELF = YES;
				CLANG_WARN_OBJC_LITERAL_CONVERSION = YES;
				CLANG_WARN_OBJC_ROOT_CLASS = YES_ERROR;
				CLANG_WARN_QUOTED_INCLUDE_IN_FRAMEWORK_HEADER = YES;
				CLANG_WARN_RANGE_LOOP_ANALYSIS = YES;
				CLANG_WARN_STRICT_PROTOTYPES = YES;
				CLANG_WARN_SUSPICIOUS_MOVE = YES;
				CLANG_WARN_UNGUARDED_AVAILABILITY = YES_AGGRESSIVE;
				CLANG_WARN_UNREACHABLE_CODE = YES;
				CLANG_WARN__DUPLICATE_METHOD_MATCH = YES;
				COPY_PHASE_STRIP = NO;
				DEBUG_INFORMATION_FORMAT = dwarf;
				ENABLE_STRICT_OBJC_MSGSEND = YES;
				ENABLE_TESTABILITY = YES;
				ENABLE_USER_SCRIPT_SANDBOXING = YES;
				GCC_C_LANGUAGE_STANDARD = gnu17;
				GCC_DYNAMIC_NO_PIC = NO;
				GCC_NO_COMMON_BLOCKS = YES;
				GCC_OPTIMIZATION_LEVEL = 0;
				GCC_PREPROCESSOR_DEFINITIONS = (
					"DEBUG=1",
					"$(inherited)",
				);
				GCC_WARN_64_TO_32_BIT_CONVERSION = YES;
				GCC_WARN_ABOUT_RETURN_TYPE = YES_ERROR;
				GCC_WARN_UNDECLARED_SELECTOR = YES;
				GCC_WARN_UNINITIALIZED_AUTOS = YES_AGGRESSIVE;
				GCC_WARN_UNUSED_FUNCTION = YES;
				GCC_WARN_UNUSED_VARIABLE = YES;
				IPHONEOS_DEPLOYMENT_TARGET = 17.2;
				LOCALIZATION_PREFERS_STRING_CATALOGS = YES;
				MTL_ENABLE_DEBUG_INFO = INCLUDE_SOURCE;
				MTL_FAST_MATH = YES;
				ONLY_ACTIVE_ARCH = YES;
				SDKROOT = iphoneos;
				SWIFT_ACTIVE_COMPILATION_CONDITIONS = "DEBUG $(inherited)";
				SWIFT_OPTIMIZATION_LEVEL = "-Onone";
			};
			name = Debug;
		};
		D9AC8B852B4F55C200A2F19E /* Release */ = {
			isa = XCBuildConfiguration;
			buildSettings = {
				ALWAYS_SEARCH_USER_PATHS = NO;
				ASSETCATALOG_COMPILER_GENERATE_SWIFT_ASSET_SYMBOL_EXTENSIONS = YES;
				CLANG_ANALYZER_NONNULL = YES;
				CLANG_ANALYZER_NUMBER_OBJECT_CONVERSION = YES_AGGRESSIVE;
				CLANG_CXX_LANGUAGE_STANDARD = "gnu++20";
				CLANG_ENABLE_MODULES = YES;
				CLANG_ENABLE_OBJC_ARC = YES;
				CLANG_ENABLE_OBJC_WEAK = YES;
				CLANG_WARN_BLOCK_CAPTURE_AUTORELEASING = YES;
				CLANG_WARN_BOOL_CONVERSION = YES;
				CLANG_WARN_COMMA = YES;
				CLANG_WARN_CONSTANT_CONVERSION = YES;
				CLANG_WARN_DEPRECATED_OBJC_IMPLEMENTATIONS = YES;
				CLANG_WARN_DIRECT_OBJC_ISA_USAGE = YES_ERROR;
				CLANG_WARN_DOCUMENTATION_COMMENTS = YES;
				CLANG_WARN_EMPTY_BODY = YES;
				CLANG_WARN_ENUM_CONVERSION = YES;
				CLANG_WARN_INFINITE_RECURSION = YES;
				CLANG_WARN_INT_CONVERSION = YES;
				CLANG_WARN_NON_LITERAL_NULL_CONVERSION = YES;
				CLANG_WARN_OBJC_IMPLICIT_RETAIN_SELF = YES;
				CLANG_WARN_OBJC_LITERAL_CONVERSION = YES;
				CLANG_WARN_OBJC_ROOT_CLASS = YES_ERROR;
				CLANG_WARN_QUOTED_INCLUDE_IN_FRAMEWORK_HEADER = YES;
				CLANG_WARN_RANGE_LOOP_ANALYSIS = YES;
				CLANG_WARN_STRICT_PROTOTYPES = YES;
				CLANG_WARN_SUSPICIOUS_MOVE = YES;
				CLANG_WARN_UNGUARDED_AVAILABILITY = YES_AGGRESSIVE;
				CLANG_WARN_UNREACHABLE_CODE = YES;
				CLANG_WARN__DUPLICATE_METHOD_MATCH = YES;
				COPY_PHASE_STRIP = NO;
				DEBUG_INFORMATION_FORMAT = "dwarf-with-dsym";
				ENABLE_NS_ASSERTIONS = NO;
				ENABLE_STRICT_OBJC_MSGSEND = YES;
				ENABLE_USER_SCRIPT_SANDBOXING = YES;
				GCC_C_LANGUAGE_STANDARD = gnu17;
				GCC_NO_COMMON_BLOCKS = YES;
				GCC_WARN_64_TO_32_BIT_CONVERSION = YES;
				GCC_WARN_ABOUT_RETURN_TYPE = YES_ERROR;
				GCC_WARN_UNDECLARED_SELECTOR = YES;
				GCC_WARN_UNINITIALIZED_AUTOS = YES_AGGRESSIVE;
				GCC_WARN_UNUSED_FUNCTION = YES;
				GCC_WARN_UNUSED_VARIABLE = YES;
				IPHONEOS_DEPLOYMENT_TARGET = 17.2;
				LOCALIZATION_PREFERS_STRING_CATALOGS = YES;
				MTL_ENABLE_DEBUG_INFO = NO;
				MTL_FAST_MATH = YES;
				SDKROOT = iphoneos;
				SWIFT_COMPILATION_MODE = wholemodule;
				VALIDATE_PRODUCT = YES;
			};
			name = Release;
		};
		D9AC8B872B4F55C200A2F19E /* Debug */ = {
			isa = XCBuildConfiguration;
			buildSettings = {
				ASSETCATALOG_COMPILER_ALTERNATE_APPICON_NAMES = "AppIcon-Backpack AppIcon-Camera AppIcon-Campfire AppIcon-MagnifyingGlass AppIcon-Map AppIcon-Mushroom";
				ASSETCATALOG_COMPILER_APPICON_NAME = AppIcon;
				ASSETCATALOG_COMPILER_GLOBAL_ACCENT_COLOR_NAME = AccentColor;
				ASSETCATALOG_COMPILER_INCLUDE_ALL_APPICON_ASSETS = YES;
				CODE_SIGN_STYLE = Automatic;
				CURRENT_PROJECT_VERSION = 1;
				DEVELOPMENT_ASSET_PATHS = "\"Hike/Preview Content\"";
				DEVELOPMENT_TEAM = BBG8U9WJ58;
				ENABLE_PREVIEWS = YES;
				GENERATE_INFOPLIST_FILE = YES;
				INFOPLIST_KEY_UIApplicationSceneManifest_Generation = YES;
				INFOPLIST_KEY_UIApplicationSupportsIndirectInputEvents = YES;
				INFOPLIST_KEY_UILaunchScreen_Generation = YES;
				INFOPLIST_KEY_UISupportedInterfaceOrientations_iPad = "UIInterfaceOrientationPortrait UIInterfaceOrientationPortraitUpsideDown UIInterfaceOrientationLandscapeLeft UIInterfaceOrientationLandscapeRight";
				INFOPLIST_KEY_UISupportedInterfaceOrientations_iPhone = "UIInterfaceOrientationPortrait UIInterfaceOrientationLandscapeLeft UIInterfaceOrientationLandscapeRight";
				LD_RUNPATH_SEARCH_PATHS = (
					"$(inherited)",
					"@executable_path/Frameworks",
				);
				MARKETING_VERSION = 1.0;
				PRODUCT_BUNDLE_IDENTIFIER = vctrlima.com.Hike;
				PRODUCT_NAME = "$(TARGET_NAME)";
				SWIFT_EMIT_LOC_STRINGS = YES;
				SWIFT_VERSION = 5.0;
				TARGETED_DEVICE_FAMILY = "1,2";
			};
			name = Debug;
		};
		D9AC8B882B4F55C200A2F19E /* Release */ = {
			isa = XCBuildConfiguration;
			buildSettings = {
				ASSETCATALOG_COMPILER_ALTERNATE_APPICON_NAMES = "AppIcon-Backpack AppIcon-Camera AppIcon-Campfire AppIcon-MagnifyingGlass AppIcon-Map AppIcon-Mushroom";
				ASSETCATALOG_COMPILER_APPICON_NAME = AppIcon;
				ASSETCATALOG_COMPILER_GLOBAL_ACCENT_COLOR_NAME = AccentColor;
				ASSETCATALOG_COMPILER_INCLUDE_ALL_APPICON_ASSETS = YES;
				CODE_SIGN_STYLE = Automatic;
				CURRENT_PROJECT_VERSION = 1;
				DEVELOPMENT_ASSET_PATHS = "\"Hike/Preview Content\"";
				DEVELOPMENT_TEAM = BBG8U9WJ58;
				ENABLE_PREVIEWS = YES;
				GENERATE_INFOPLIST_FILE = YES;
				INFOPLIST_KEY_UIApplicationSceneManifest_Generation = YES;
				INFOPLIST_KEY_UIApplicationSupportsIndirectInputEvents = YES;
				INFOPLIST_KEY_UILaunchScreen_Generation = YES;
				INFOPLIST_KEY_UISupportedInterfaceOrientations_iPad = "UIInterfaceOrientationPortrait UIInterfaceOrientationPortraitUpsideDown UIInterfaceOrientationLandscapeLeft UIInterfaceOrientationLandscapeRight";
				INFOPLIST_KEY_UISupportedInterfaceOrientations_iPhone = "UIInterfaceOrientationPortrait UIInterfaceOrientationLandscapeLeft UIInterfaceOrientationLandscapeRight";
				LD_RUNPATH_SEARCH_PATHS = (
					"$(inherited)",
					"@executable_path/Frameworks",
				);
				MARKETING_VERSION = 1.0;
				PRODUCT_BUNDLE_IDENTIFIER = vctrlima.com.Hike;
				PRODUCT_NAME = "$(TARGET_NAME)";
				SWIFT_EMIT_LOC_STRINGS = YES;
				SWIFT_VERSION = 5.0;
				TARGETED_DEVICE_FAMILY = "1,2";
			};
			name = Release;
		};
/* End XCBuildConfiguration section */

/* Begin XCConfigurationList section */
		D9AC8B5D2B4F55C000A2F19E /* Build configuration list for PBXProject "Hike" */ = {
			isa = XCConfigurationList;
			buildConfigurations = (
				D9AC8B842B4F55C200A2F19E /* Debug */,
				D9AC8B852B4F55C200A2F19E /* Release */,
			);
			defaultConfigurationIsVisible = 0;
			defaultConfigurationName = Release;
		};
		D9AC8B862B4F55C200A2F19E /* Build configuration list for PBXNativeTarget "Hike" */ = {
			isa = XCConfigurationList;
			buildConfigurations = (
				D9AC8B872B4F55C200A2F19E /* Debug */,
				D9AC8B882B4F55C200A2F19E /* Release */,
			);
			defaultConfigurationIsVisible = 0;
			defaultConfigurationName = Release;
		};
/* End XCConfigurationList section */
	};
	rootObject = D9AC8B5A2B4F55C000A2F19E /* Project object */;
}
